// !$*UTF8*$!
{
	archiveVersion = 1;
	classes = {
	};
	objectVersion = 46;
	objects = {

/* Begin PBXBuildFile section */
		7FE6C60815F472AB00E07797 /* UIKit.framework in Frameworks */ = {isa = PBXBuildFile; fileRef = 7FE6C60715F472AB00E07797 /* UIKit.framework */; };
		7FE6C60A15F472AB00E07797 /* Foundation.framework in Frameworks */ = {isa = PBXBuildFile; fileRef = 7FE6C60915F472AB00E07797 /* Foundation.framework */; };
		7FE6C60C15F472AB00E07797 /* CoreGraphics.framework in Frameworks */ = {isa = PBXBuildFile; fileRef = 7FE6C60B15F472AB00E07797 /* CoreGraphics.framework */; };
		7FE6C60E15F472AB00E07797 /* GLKit.framework in Frameworks */ = {isa = PBXBuildFile; fileRef = 7FE6C60D15F472AB00E07797 /* GLKit.framework */; };
		7FE6C61015F472AB00E07797 /* OpenGLES.framework in Frameworks */ = {isa = PBXBuildFile; fileRef = 7FE6C60F15F472AB00E07797 /* OpenGLES.framework */; };
		7FE6C61615F472AB00E07797 /* InfoPlist.strings in Resources */ = {isa = PBXBuildFile; fileRef = 7FE6C61415F472AB00E07797 /* InfoPlist.strings */; };
		7FE6C61815F472AB00E07797 /* main.m in Sources */ = {isa = PBXBuildFile; fileRef = 7FE6C61715F472AB00E07797 /* main.m */; };
		7FE6C61C15F472AB00E07797 /* CAppDelegate.m in Sources */ = {isa = PBXBuildFile; fileRef = 7FE6C61B15F472AB00E07797 /* CAppDelegate.m */; };
		7FE6C61F15F472AB00E07797 /* MainStoryboard_iPhone.storyboard in Resources */ = {isa = PBXBuildFile; fileRef = 7FE6C61D15F472AB00E07797 /* MainStoryboard_iPhone.storyboard */; };
		7FE6C62215F472AB00E07797 /* MainStoryboard_iPad.storyboard in Resources */ = {isa = PBXBuildFile; fileRef = 7FE6C62015F472AB00E07797 /* MainStoryboard_iPad.storyboard */; };
		7FE6C62415F472AB00E07797 /* Shader.fsh in Resources */ = {isa = PBXBuildFile; fileRef = 7FE6C62315F472AB00E07797 /* Shader.fsh */; };
		7FE6C62615F472AB00E07797 /* Shader.vsh in Resources */ = {isa = PBXBuildFile; fileRef = 7FE6C62515F472AB00E07797 /* Shader.vsh */; };
		7FE6C62915F472AB00E07797 /* CViewController.m in Sources */ = {isa = PBXBuildFile; fileRef = 7FE6C62815F472AB00E07797 /* CViewController.m */; };
		7FE6C63115F472AB00E07797 /* SenTestingKit.framework in Frameworks */ = {isa = PBXBuildFile; fileRef = 7FE6C63015F472AB00E07797 /* SenTestingKit.framework */; };
		7FE6C63215F472AB00E07797 /* UIKit.framework in Frameworks */ = {isa = PBXBuildFile; fileRef = 7FE6C60715F472AB00E07797 /* UIKit.framework */; };
		7FE6C63315F472AB00E07797 /* Foundation.framework in Frameworks */ = {isa = PBXBuildFile; fileRef = 7FE6C60915F472AB00E07797 /* Foundation.framework */; };
		7FE6C63B15F472AB00E07797 /* InfoPlist.strings in Resources */ = {isa = PBXBuildFile; fileRef = 7FE6C63915F472AB00E07797 /* InfoPlist.strings */; };
		7FE6C63E15F472AC00E07797 /* gsgameplayTests.m in Sources */ = {isa = PBXBuildFile; fileRef = 7FE6C63D15F472AC00E07797 /* gsgameplayTests.m */; };
/* End PBXBuildFile section */

/* Begin PBXContainerItemProxy section */
		7FE6C63415F472AB00E07797 /* PBXContainerItemProxy */ = {
			isa = PBXContainerItemProxy;
			containerPortal = 7FE6C5FA15F472AB00E07797 /* Project object */;
			proxyType = 1;
			remoteGlobalIDString = 7FE6C60215F472AB00E07797;
			remoteInfo = gsgameplay;
		};
/* End PBXContainerItemProxy section */

/* Begin PBXFileReference section */
		7FE6C60315F472AB00E07797 /* gsgameplay.app */ = {isa = PBXFileReference; explicitFileType = wrapper.application; includeInIndex = 0; path = gsgameplay.app; sourceTree = BUILT_PRODUCTS_DIR; };
		7FE6C60715F472AB00E07797 /* UIKit.framework */ = {isa = PBXFileReference; lastKnownFileType = wrapper.framework; name = UIKit.framework; path = System/Library/Frameworks/UIKit.framework; sourceTree = SDKROOT; };
		7FE6C60915F472AB00E07797 /* Foundation.framework */ = {isa = PBXFileReference; lastKnownFileType = wrapper.framework; name = Foundation.framework; path = System/Library/Frameworks/Foundation.framework; sourceTree = SDKROOT; };
		7FE6C60B15F472AB00E07797 /* CoreGraphics.framework */ = {isa = PBXFileReference; lastKnownFileType = wrapper.framework; name = CoreGraphics.framework; path = System/Library/Frameworks/CoreGraphics.framework; sourceTree = SDKROOT; };
		7FE6C60D15F472AB00E07797 /* GLKit.framework */ = {isa = PBXFileReference; lastKnownFileType = wrapper.framework; name = GLKit.framework; path = System/Library/Frameworks/GLKit.framework; sourceTree = SDKROOT; };
		7FE6C60F15F472AB00E07797 /* OpenGLES.framework */ = {isa = PBXFileReference; lastKnownFileType = wrapper.framework; name = OpenGLES.framework; path = System/Library/Frameworks/OpenGLES.framework; sourceTree = SDKROOT; };
		7FE6C61315F472AB00E07797 /* gsgameplay-Info.plist */ = {isa = PBXFileReference; lastKnownFileType = text.plist.xml; path = "gsgameplay-Info.plist"; sourceTree = "<group>"; };
		7FE6C61515F472AB00E07797 /* en */ = {isa = PBXFileReference; lastKnownFileType = text.plist.strings; name = en; path = en.lproj/InfoPlist.strings; sourceTree = "<group>"; };
		7FE6C61715F472AB00E07797 /* main.m */ = {isa = PBXFileReference; lastKnownFileType = sourcecode.c.objc; path = main.m; sourceTree = "<group>"; };
		7FE6C61915F472AB00E07797 /* gsgameplay-Prefix.pch */ = {isa = PBXFileReference; lastKnownFileType = sourcecode.c.h; path = "gsgameplay-Prefix.pch"; sourceTree = "<group>"; };
		7FE6C61A15F472AB00E07797 /* CAppDelegate.h */ = {isa = PBXFileReference; lastKnownFileType = sourcecode.c.h; path = CAppDelegate.h; sourceTree = "<group>"; };
		7FE6C61B15F472AB00E07797 /* CAppDelegate.m */ = {isa = PBXFileReference; lastKnownFileType = sourcecode.c.objc; path = CAppDelegate.m; sourceTree = "<group>"; };
		7FE6C61E15F472AB00E07797 /* en */ = {isa = PBXFileReference; lastKnownFileType = file.storyboard; name = en; path = en.lproj/MainStoryboard_iPhone.storyboard; sourceTree = "<group>"; };
		7FE6C62115F472AB00E07797 /* en */ = {isa = PBXFileReference; lastKnownFileType = file.storyboard; name = en; path = en.lproj/MainStoryboard_iPad.storyboard; sourceTree = "<group>"; };
		7FE6C62315F472AB00E07797 /* Shader.fsh */ = {isa = PBXFileReference; lastKnownFileType = sourcecode.glsl; name = Shader.fsh; path = Shaders/Shader.fsh; sourceTree = "<group>"; };
		7FE6C62515F472AB00E07797 /* Shader.vsh */ = {isa = PBXFileReference; lastKnownFileType = sourcecode.glsl; name = Shader.vsh; path = Shaders/Shader.vsh; sourceTree = "<group>"; };
		7FE6C62715F472AB00E07797 /* CViewController.h */ = {isa = PBXFileReference; lastKnownFileType = sourcecode.c.h; path = CViewController.h; sourceTree = "<group>"; };
		7FE6C62815F472AB00E07797 /* CViewController.m */ = {isa = PBXFileReference; lastKnownFileType = sourcecode.c.objc; path = CViewController.m; sourceTree = "<group>"; };
		7FE6C62F15F472AB00E07797 /* gsgameplayTests.octest */ = {isa = PBXFileReference; explicitFileType = wrapper.cfbundle; includeInIndex = 0; path = gsgameplayTests.octest; sourceTree = BUILT_PRODUCTS_DIR; };
		7FE6C63015F472AB00E07797 /* SenTestingKit.framework */ = {isa = PBXFileReference; lastKnownFileType = wrapper.framework; name = SenTestingKit.framework; path = Library/Frameworks/SenTestingKit.framework; sourceTree = DEVELOPER_DIR; };
		7FE6C63815F472AB00E07797 /* gsgameplayTests-Info.plist */ = {isa = PBXFileReference; lastKnownFileType = text.plist.xml; path = "gsgameplayTests-Info.plist"; sourceTree = "<group>"; };
		7FE6C63A15F472AB00E07797 /* en */ = {isa = PBXFileReference; lastKnownFileType = text.plist.strings; name = en; path = en.lproj/InfoPlist.strings; sourceTree = "<group>"; };
		7FE6C63C15F472AC00E07797 /* gsgameplayTests.h */ = {isa = PBXFileReference; lastKnownFileType = sourcecode.c.h; path = gsgameplayTests.h; sourceTree = "<group>"; };
		7FE6C63D15F472AC00E07797 /* gsgameplayTests.m */ = {isa = PBXFileReference; lastKnownFileType = sourcecode.c.objc; path = gsgameplayTests.m; sourceTree = "<group>"; };
/* End PBXFileReference section */

/* Begin PBXFrameworksBuildPhase section */
		7FE6C60015F472AB00E07797 /* Frameworks */ = {
			isa = PBXFrameworksBuildPhase;
			buildActionMask = 2147483647;
			files = (
				7FE6C60815F472AB00E07797 /* UIKit.framework in Frameworks */,
				7FE6C60A15F472AB00E07797 /* Foundation.framework in Frameworks */,
				7FE6C60C15F472AB00E07797 /* CoreGraphics.framework in Frameworks */,
				7FE6C60E15F472AB00E07797 /* GLKit.framework in Frameworks */,
				7FE6C61015F472AB00E07797 /* OpenGLES.framework in Frameworks */,
			);
			runOnlyForDeploymentPostprocessing = 0;
		};
		7FE6C62B15F472AB00E07797 /* Frameworks */ = {
			isa = PBXFrameworksBuildPhase;
			buildActionMask = 2147483647;
			files = (
				7FE6C63115F472AB00E07797 /* SenTestingKit.framework in Frameworks */,
				7FE6C63215F472AB00E07797 /* UIKit.framework in Frameworks */,
				7FE6C63315F472AB00E07797 /* Foundation.framework in Frameworks */,
			);
			runOnlyForDeploymentPostprocessing = 0;
		};
/* End PBXFrameworksBuildPhase section */

/* Begin PBXGroup section */
		7FE6C5F815F472AB00E07797 = {
			isa = PBXGroup;
			children = (
				7FE6C61115F472AB00E07797 /* gsgameplay */,
				7FE6C63615F472AB00E07797 /* gsgameplayTests */,
				7FE6C60615F472AB00E07797 /* Frameworks */,
				7FE6C60415F472AB00E07797 /* Products */,
			);
			sourceTree = "<group>";
		};
		7FE6C60415F472AB00E07797 /* Products */ = {
			isa = PBXGroup;
			children = (
				7FE6C60315F472AB00E07797 /* gsgameplay.app */,
				7FE6C62F15F472AB00E07797 /* gsgameplayTests.octest */,
			);
			name = Products;
			sourceTree = "<group>";
		};
		7FE6C60615F472AB00E07797 /* Frameworks */ = {
			isa = PBXGroup;
			children = (
				7FE6C60715F472AB00E07797 /* UIKit.framework */,
				7FE6C60915F472AB00E07797 /* Foundation.framework */,
				7FE6C60B15F472AB00E07797 /* CoreGraphics.framework */,
				7FE6C60D15F472AB00E07797 /* GLKit.framework */,
				7FE6C60F15F472AB00E07797 /* OpenGLES.framework */,
				7FE6C63015F472AB00E07797 /* SenTestingKit.framework */,
			);
			name = Frameworks;
			sourceTree = "<group>";
		};
		7FE6C61115F472AB00E07797 /* gsgameplay */ = {
			isa = PBXGroup;
			children = (
				7FE6C61A15F472AB00E07797 /* CAppDelegate.h */,
				7FE6C61B15F472AB00E07797 /* CAppDelegate.m */,
				7FE6C61D15F472AB00E07797 /* MainStoryboard_iPhone.storyboard */,
				7FE6C62015F472AB00E07797 /* MainStoryboard_iPad.storyboard */,
				7FE6C62315F472AB00E07797 /* Shader.fsh */,
				7FE6C62515F472AB00E07797 /* Shader.vsh */,
				7FE6C62715F472AB00E07797 /* CViewController.h */,
				7FE6C62815F472AB00E07797 /* CViewController.m */,
				7FE6C61215F472AB00E07797 /* Supporting Files */,
			);
			path = gsgameplay;
			sourceTree = "<group>";
		};
		7FE6C61215F472AB00E07797 /* Supporting Files */ = {
			isa = PBXGroup;
			children = (
				7FE6C61315F472AB00E07797 /* gsgameplay-Info.plist */,
				7FE6C61415F472AB00E07797 /* InfoPlist.strings */,
				7FE6C61715F472AB00E07797 /* main.m */,
				7FE6C61915F472AB00E07797 /* gsgameplay-Prefix.pch */,
			);
			name = "Supporting Files";
			sourceTree = "<group>";
		};
		7FE6C63615F472AB00E07797 /* gsgameplayTests */ = {
			isa = PBXGroup;
			children = (
				7FE6C63C15F472AC00E07797 /* gsgameplayTests.h */,
				7FE6C63D15F472AC00E07797 /* gsgameplayTests.m */,
				7FE6C63715F472AB00E07797 /* Supporting Files */,
			);
			path = gsgameplayTests;
			sourceTree = "<group>";
		};
		7FE6C63715F472AB00E07797 /* Supporting Files */ = {
			isa = PBXGroup;
			children = (
				7FE6C63815F472AB00E07797 /* gsgameplayTests-Info.plist */,
				7FE6C63915F472AB00E07797 /* InfoPlist.strings */,
			);
			name = "Supporting Files";
			sourceTree = "<group>";
		};
/* End PBXGroup section */

/* Begin PBXNativeTarget section */
		7FE6C60215F472AB00E07797 /* gsgameplay */ = {
			isa = PBXNativeTarget;
			buildConfigurationList = 7FE6C64115F472AC00E07797 /* Build configuration list for PBXNativeTarget "gsgameplay" */;
			buildPhases = (
				7FE6C5FF15F472AB00E07797 /* Sources */,
				7FE6C60015F472AB00E07797 /* Frameworks */,
				7FE6C60115F472AB00E07797 /* Resources */,
			);
			buildRules = (
			);
			dependencies = (
			);
			name = gsgameplay;
			productName = gsgameplay;
			productReference = 7FE6C60315F472AB00E07797 /* gsgameplay.app */;
			productType = "com.apple.product-type.application";
		};
		7FE6C62E15F472AB00E07797 /* gsgameplayTests */ = {
			isa = PBXNativeTarget;
			buildConfigurationList = 7FE6C64415F472AC00E07797 /* Build configuration list for PBXNativeTarget "gsgameplayTests" */;
			buildPhases = (
				7FE6C62A15F472AB00E07797 /* Sources */,
				7FE6C62B15F472AB00E07797 /* Frameworks */,
				7FE6C62C15F472AB00E07797 /* Resources */,
				7FE6C62D15F472AB00E07797 /* ShellScript */,
			);
			buildRules = (
			);
			dependencies = (
				7FE6C63515F472AB00E07797 /* PBXTargetDependency */,
			);
			name = gsgameplayTests;
			productName = gsgameplayTests;
			productReference = 7FE6C62F15F472AB00E07797 /* gsgameplayTests.octest */;
			productType = "com.apple.product-type.bundle";
		};
/* End PBXNativeTarget section */

/* Begin PBXProject section */
		7FE6C5FA15F472AB00E07797 /* Project object */ = {
			isa = PBXProject;
			attributes = {
				CLASSPREFIX = C;
				LastUpgradeCheck = 0430;
			};
			buildConfigurationList = 7FE6C5FD15F472AB00E07797 /* Build configuration list for PBXProject "gsgameplay" */;
			compatibilityVersion = "Xcode 3.2";
			developmentRegion = English;
			hasScannedForEncodings = 0;
			knownRegions = (
				en,
			);
			mainGroup = 7FE6C5F815F472AB00E07797;
			productRefGroup = 7FE6C60415F472AB00E07797 /* Products */;
			projectDirPath = "";
			projectRoot = "";
			targets = (
				7FE6C60215F472AB00E07797 /* gsgameplay */,
				7FE6C62E15F472AB00E07797 /* gsgameplayTests */,
			);
		};
/* End PBXProject section */

/* Begin PBXResourcesBuildPhase section */
		7FE6C60115F472AB00E07797 /* Resources */ = {
			isa = PBXResourcesBuildPhase;
			buildActionMask = 2147483647;
			files = (
				7FE6C61615F472AB00E07797 /* InfoPlist.strings in Resources */,
				7FE6C61F15F472AB00E07797 /* MainStoryboard_iPhone.storyboard in Resources */,
				7FE6C62215F472AB00E07797 /* MainStoryboard_iPad.storyboard in Resources */,
				7FE6C62415F472AB00E07797 /* Shader.fsh in Resources */,
				7FE6C62615F472AB00E07797 /* Shader.vsh in Resources */,
			);
			runOnlyForDeploymentPostprocessing = 0;
		};
		7FE6C62C15F472AB00E07797 /* Resources */ = {
			isa = PBXResourcesBuildPhase;
			buildActionMask = 2147483647;
			files = (
				7FE6C63B15F472AB00E07797 /* InfoPlist.strings in Resources */,
			);
			runOnlyForDeploymentPostprocessing = 0;
		};
/* End PBXResourcesBuildPhase section */

/* Begin PBXShellScriptBuildPhase section */
		7FE6C62D15F472AB00E07797 /* ShellScript */ = {
			isa = PBXShellScriptBuildPhase;
			buildActionMask = 2147483647;
			files = (
			);
			inputPaths = (
			);
			outputPaths = (
			);
			runOnlyForDeploymentPostprocessing = 0;
			shellPath = /bin/sh;
			shellScript = "# Run the unit tests in this test bundle.\n\"${SYSTEM_DEVELOPER_DIR}/Tools/RunUnitTests\"\n";
		};
/* End PBXShellScriptBuildPhase section */

/* Begin PBXSourcesBuildPhase section */
		7FE6C5FF15F472AB00E07797 /* Sources */ = {
			isa = PBXSourcesBuildPhase;
			buildActionMask = 2147483647;
			files = (
				7FE6C61815F472AB00E07797 /* main.m in Sources */,
				7FE6C61C15F472AB00E07797 /* CAppDelegate.m in Sources */,
				7FE6C62915F472AB00E07797 /* CViewController.m in Sources */,
			);
			runOnlyForDeploymentPostprocessing = 0;
		};
		7FE6C62A15F472AB00E07797 /* Sources */ = {
			isa = PBXSourcesBuildPhase;
			buildActionMask = 2147483647;
			files = (
				7FE6C63E15F472AC00E07797 /* gsgameplayTests.m in Sources */,
			);
			runOnlyForDeploymentPostprocessing = 0;
		};
/* End PBXSourcesBuildPhase section */

/* Begin PBXTargetDependency section */
		7FE6C63515F472AB00E07797 /* PBXTargetDependency */ = {
			isa = PBXTargetDependency;
			target = 7FE6C60215F472AB00E07797 /* gsgameplay */;
			targetProxy = 7FE6C63415F472AB00E07797 /* PBXContainerItemProxy */;
		};
/* End PBXTargetDependency section */

/* Begin PBXVariantGroup section */
		7FE6C61415F472AB00E07797 /* InfoPlist.strings */ = {
			isa = PBXVariantGroup;
			children = (
				7FE6C61515F472AB00E07797 /* en */,
			);
			name = InfoPlist.strings;
			sourceTree = "<group>";
		};
		7FE6C61D15F472AB00E07797 /* MainStoryboard_iPhone.storyboard */ = {
			isa = PBXVariantGroup;
			children = (
				7FE6C61E15F472AB00E07797 /* en */,
			);
			name = MainStoryboard_iPhone.storyboard;
			sourceTree = "<group>";
		};
		7FE6C62015F472AB00E07797 /* MainStoryboard_iPad.storyboard */ = {
			isa = PBXVariantGroup;
			children = (
				7FE6C62115F472AB00E07797 /* en */,
			);
			name = MainStoryboard_iPad.storyboard;
			sourceTree = "<group>";
		};
		7FE6C63915F472AB00E07797 /* InfoPlist.strings */ = {
			isa = PBXVariantGroup;
			children = (
				7FE6C63A15F472AB00E07797 /* en */,
			);
			name = InfoPlist.strings;
			sourceTree = "<group>";
		};
/* End PBXVariantGroup section */

/* Begin XCBuildConfiguration section */
		7FE6C63F15F472AC00E07797 /* Debug */ = {
			isa = XCBuildConfiguration;
			buildSettings = {
				ALWAYS_SEARCH_USER_PATHS = NO;
				ARCHS = "$(ARCHS_STANDARD_32_BIT)";
				CLANG_ENABLE_OBJC_ARC = YES;
				"CODE_SIGN_IDENTITY[sdk=iphoneos*]" = "iPhone Developer";
				COPY_PHASE_STRIP = NO;
				GCC_C_LANGUAGE_STANDARD = gnu99;
				GCC_DYNAMIC_NO_PIC = NO;
				GCC_OPTIMIZATION_LEVEL = 0;
				GCC_PREPROCESSOR_DEFINITIONS = (
					"DEBUG=1",
					"$(inherited)",
				);
				GCC_SYMBOLS_PRIVATE_EXTERN = NO;
				GCC_VERSION = com.apple.compilers.llvm.clang.1_0;
				GCC_WARN_ABOUT_RETURN_TYPE = YES;
				GCC_WARN_UNINITIALIZED_AUTOS = YES;
				GCC_WARN_UNUSED_VARIABLE = YES;
				IPHONEOS_DEPLOYMENT_TARGET = 5.1;
				SDKROOT = iphoneos;
				TARGETED_DEVICE_FAMILY = "1,2";
			};
			name = Debug;
		};
		7FE6C64015F472AC00E07797 /* Release */ = {
			isa = XCBuildConfiguration;
			buildSettings = {
				ALWAYS_SEARCH_USER_PATHS = NO;
				ARCHS = "$(ARCHS_STANDARD_32_BIT)";
				CLANG_ENABLE_OBJC_ARC = YES;
				"CODE_SIGN_IDENTITY[sdk=iphoneos*]" = "iPhone Developer";
				COPY_PHASE_STRIP = YES;
				GCC_C_LANGUAGE_STANDARD = gnu99;
				GCC_VERSION = com.apple.compilers.llvm.clang.1_0;
				GCC_WARN_ABOUT_RETURN_TYPE = YES;
				GCC_WARN_UNINITIALIZED_AUTOS = YES;
				GCC_WARN_UNUSED_VARIABLE = YES;
				IPHONEOS_DEPLOYMENT_TARGET = 5.1;
				OTHER_CFLAGS = "-DNS_BLOCK_ASSERTIONS=1";
				SDKROOT = iphoneos;
				TARGETED_DEVICE_FAMILY = "1,2";
				VALIDATE_PRODUCT = YES;
			};
			name = Release;
		};
		7FE6C64215F472AC00E07797 /* Debug */ = {
			isa = XCBuildConfiguration;
			buildSettings = {
				GCC_PRECOMPILE_PREFIX_HEADER = YES;
				GCC_PREFIX_HEADER = "gsgameplay/gsgameplay-Prefix.pch";
				"GCC_THUMB_SUPPORT[arch=armv6]" = "";
				INFOPLIST_FILE = "gsgameplay/gsgameplay-Info.plist";
				PRODUCT_NAME = "$(TARGET_NAME)";
				WRAPPER_EXTENSION = app;
			};
			name = Debug;
		};
		7FE6C64315F472AC00E07797 /* Release */ = {
			isa = XCBuildConfiguration;
			buildSettings = {
				GCC_PRECOMPILE_PREFIX_HEADER = YES;
				GCC_PREFIX_HEADER = "gsgameplay/gsgameplay-Prefix.pch";
				"GCC_THUMB_SUPPORT[arch=armv6]" = "";
				INFOPLIST_FILE = "gsgameplay/gsgameplay-Info.plist";
				PRODUCT_NAME = "$(TARGET_NAME)";
				WRAPPER_EXTENSION = app;
			};
			name = Release;
		};
		7FE6C64515F472AC00E07797 /* Debug */ = {
			isa = XCBuildConfiguration;
			buildSettings = {
				BUNDLE_LOADER = "$(BUILT_PRODUCTS_DIR)/gsgameplay.app/gsgameplay";
				FRAMEWORK_SEARCH_PATHS = (
					"$(SDKROOT)/Developer/Library/Frameworks",
					"$(DEVELOPER_LIBRARY_DIR)/Frameworks",
				);
				GCC_PRECOMPILE_PREFIX_HEADER = YES;
				GCC_PREFIX_HEADER = "gsgameplay/gsgameplay-Prefix.pch";
				INFOPLIST_FILE = "gsgameplayTests/gsgameplayTests-Info.plist";
				PRODUCT_NAME = "$(TARGET_NAME)";
				TEST_HOST = "$(BUNDLE_LOADER)";
				WRAPPER_EXTENSION = octest;
			};
			name = Debug;
		};
		7FE6C64615F472AC00E07797 /* Release */ = {
			isa = XCBuildConfiguration;
			buildSettings = {
				BUNDLE_LOADER = "$(BUILT_PRODUCTS_DIR)/gsgameplay.app/gsgameplay";
				FRAMEWORK_SEARCH_PATHS = (
					"$(SDKROOT)/Developer/Library/Frameworks",
					"$(DEVELOPER_LIBRARY_DIR)/Frameworks",
				);
				GCC_PRECOMPILE_PREFIX_HEADER = YES;
				GCC_PREFIX_HEADER = "gsgameplay/gsgameplay-Prefix.pch";
				INFOPLIST_FILE = "gsgameplayTests/gsgameplayTests-Info.plist";
				PRODUCT_NAME = "$(TARGET_NAME)";
				TEST_HOST = "$(BUNDLE_LOADER)";
				WRAPPER_EXTENSION = octest;
			};
			name = Release;
		};
/* End XCBuildConfiguration section */

/* Begin XCConfigurationList section */
		7FE6C5FD15F472AB00E07797 /* Build configuration list for PBXProject "gsgameplay" */ = {
			isa = XCConfigurationList;
			buildConfigurations = (
				7FE6C63F15F472AC00E07797 /* Debug */,
				7FE6C64015F472AC00E07797 /* Release */,
			);
			defaultConfigurationIsVisible = 0;
			defaultConfigurationName = Release;
		};
		7FE6C64115F472AC00E07797 /* Build configuration list for PBXNativeTarget "gsgameplay" */ = {
			isa = XCConfigurationList;
			buildConfigurations = (
				7FE6C64215F472AC00E07797 /* Debug */,
				7FE6C64315F472AC00E07797 /* Release */,
			);
			defaultConfigurationIsVisible = 0;
		};
		7FE6C64415F472AC00E07797 /* Build configuration list for PBXNativeTarget "gsgameplayTests" */ = {
			isa = XCConfigurationList;
			buildConfigurations = (
				7FE6C64515F472AC00E07797 /* Debug */,
				7FE6C64615F472AC00E07797 /* Release */,
			);
			defaultConfigurationIsVisible = 0;
		};
/* End XCConfigurationList section */
	};
	rootObject = 7FE6C5FA15F472AB00E07797 /* Project object */;
}
