
Microsoft Visual Studio Solution File, Format Version 10.00
# Visual C++ Express 2008
Project("{8BC9CEB8-8B4A-11D0-8D11-00A0C91BC942}") = "gsgameplay", "gsgameplay\gsgameplay.vcproj", "{1BF4C078-E3DB-4E0D-AD33-884B4E6D944F}"
EndProject
Project("{8BC9CEB8-8B4A-11D0-8D11-00A0C91BC942}") = "Irrlicht", "..\..\extern\irrogles\source\Irrlicht\Irrlicht9.0.vcproj", "{E08E042A-6C45-411B-92BE-3CC31331019F}"
EndProject
Project("{8BC9CEB8-8B4A-11D0-8D11-00A0C91BC942}") = "freetype", "..\..\extern\freetype\builds\win32\vc2008\freetype.vcproj", "{78B079BD-9FC7-4B9E-B4A6-96DA0F00248B}"
EndProject
Project("{8BC9CEB8-8B4A-11D0-8D11-00A0C91BC942}") = "gameswf", "..\..\extern\gameswf\projects\Win32\gameswf\gameswf.vcproj", "{D82FC0B1-4BC8-4C37-944C-94F6105A2992}"
EndProject
Project("{8BC9CEB8-8B4A-11D0-8D11-00A0C91BC942}") = "lua", "..\..\extern\lua\lua.vcproj", "{4D488AF5-A41D-43B3-8F70-F8BC9C5D5AF9}"
EndProject
Global
	GlobalSection(SolutionConfigurationPlatforms) = preSolution
		Debug Multithreaded|Win32 = Debug Multithreaded|Win32
		Debug Singlethreaded|Win32 = Debug Singlethreaded|Win32
		Debug|Win32 = Debug|Win32
		Dll Debug|Win32 = Dll Debug|Win32
		Release - Fast FPU|Win32 = Release - Fast FPU|Win32
		Release Multithreaded|Win32 = Release Multithreaded|Win32
		Release Singlethreaded|Win32 = Release Singlethreaded|Win32
		Release|Win32 = Release|Win32
		SDL-Debug|Win32 = SDL-Debug|Win32
		Static lib - Debug|Win32 = Static lib - Debug|Win32
		Static lib - Release - Fast FPU|Win32 = Static lib - Release - Fast FPU|Win32
		Static lib - Release|Win32 = Static lib - Release|Win32
	EndGlobalSection
	GlobalSection(ProjectConfigurationPlatforms) = postSolution
		{1BF4C078-E3DB-4E0D-AD33-884B4E6D944F}.Debug Multithreaded|Win32.ActiveCfg = Debug|Win32
		{1BF4C078-E3DB-4E0D-AD33-884B4E6D944F}.Debug Multithreaded|Win32.Build.0 = Debug|Win32
		{1BF4C078-E3DB-4E0D-AD33-884B4E6D944F}.Debug Singlethreaded|Win32.ActiveCfg = Debug|Win32
		{1BF4C078-E3DB-4E0D-AD33-884B4E6D944F}.Debug Singlethreaded|Win32.Build.0 = Debug|Win32
		{1BF4C078-E3DB-4E0D-AD33-884B4E6D944F}.Debug|Win32.ActiveCfg = Debug|Win32
		{1BF4C078-E3DB-4E0D-AD33-884B4E6D944F}.Debug|Win32.Build.0 = Debug|Win32
		{1BF4C078-E3DB-4E0D-AD33-884B4E6D944F}.Dll Debug|Win32.ActiveCfg = Debug|Win32
		{1BF4C078-E3DB-4E0D-AD33-884B4E6D944F}.Dll Debug|Win32.Build.0 = Debug|Win32
		{1BF4C078-E3DB-4E0D-AD33-884B4E6D944F}.Release - Fast FPU|Win32.ActiveCfg = Release|Win32
		{1BF4C078-E3DB-4E0D-AD33-884B4E6D944F}.Release - Fast FPU|Win32.Build.0 = Release|Win32
		{1BF4C078-E3DB-4E0D-AD33-884B4E6D944F}.Release Multithreaded|Win32.ActiveCfg = Release|Win32
		{1BF4C078-E3DB-4E0D-AD33-884B4E6D944F}.Release Multithreaded|Win32.Build.0 = Release|Win32
		{1BF4C078-E3DB-4E0D-AD33-884B4E6D944F}.Release Singlethreaded|Win32.ActiveCfg = Release|Win32
		{1BF4C078-E3DB-4E0D-AD33-884B4E6D944F}.Release Singlethreaded|Win32.Build.0 = Release|Win32
		{1BF4C078-E3DB-4E0D-AD33-884B4E6D944F}.Release|Win32.ActiveCfg = Release|Win32
		{1BF4C078-E3DB-4E0D-AD33-884B4E6D944F}.Release|Win32.Build.0 = Release|Win32
		{1BF4C078-E3DB-4E0D-AD33-884B4E6D944F}.SDL-Debug|Win32.ActiveCfg = Debug|Win32
		{1BF4C078-E3DB-4E0D-AD33-884B4E6D944F}.SDL-Debug|Win32.Build.0 = Debug|Win32
		{1BF4C078-E3DB-4E0D-AD33-884B4E6D944F}.Static lib - Debug|Win32.ActiveCfg = Debug|Win32
		{1BF4C078-E3DB-4E0D-AD33-884B4E6D944F}.Static lib - Debug|Win32.Build.0 = Debug|Win32
		{1BF4C078-E3DB-4E0D-AD33-884B4E6D944F}.Static lib - Release - Fast FPU|Win32.ActiveCfg = Release|Win32
		{1BF4C078-E3DB-4E0D-AD33-884B4E6D944F}.Static lib - Release - Fast FPU|Win32.Build.0 = Release|Win32
		{1BF4C078-E3DB-4E0D-AD33-884B4E6D944F}.Static lib - Release|Win32.ActiveCfg = Release|Win32
		{1BF4C078-E3DB-4E0D-AD33-884B4E6D944F}.Static lib - Release|Win32.Build.0 = Release|Win32
		{E08E042A-6C45-411B-92BE-3CC31331019F}.Debug Multithreaded|Win32.ActiveCfg = Debug|Win32
		{E08E042A-6C45-411B-92BE-3CC31331019F}.Debug Multithreaded|Win32.Build.0 = Debug|Win32
		{E08E042A-6C45-411B-92BE-3CC31331019F}.Debug Singlethreaded|Win32.ActiveCfg = Debug|Win32
		{E08E042A-6C45-411B-92BE-3CC31331019F}.Debug Singlethreaded|Win32.Build.0 = Debug|Win32
		{E08E042A-6C45-411B-92BE-3CC31331019F}.Debug|Win32.ActiveCfg = Static lib - Debug|Win32
		{E08E042A-6C45-411B-92BE-3CC31331019F}.Debug|Win32.Build.0 = Static lib - Debug|Win32
		{E08E042A-6C45-411B-92BE-3CC31331019F}.Dll Debug|Win32.ActiveCfg = Debug|Win32
		{E08E042A-6C45-411B-92BE-3CC31331019F}.Dll Debug|Win32.Build.0 = Debug|Win32
		{E08E042A-6C45-411B-92BE-3CC31331019F}.Release - Fast FPU|Win32.ActiveCfg = Release - Fast FPU|Win32
		{E08E042A-6C45-411B-92BE-3CC31331019F}.Release - Fast FPU|Win32.Build.0 = Release - Fast FPU|Win32
		{E08E042A-6C45-411B-92BE-3CC31331019F}.Release Multithreaded|Win32.ActiveCfg = Release - Fast FPU|Win32
		{E08E042A-6C45-411B-92BE-3CC31331019F}.Release Multithreaded|Win32.Build.0 = Release - Fast FPU|Win32
		{E08E042A-6C45-411B-92BE-3CC31331019F}.Release Singlethreaded|Win32.ActiveCfg = Release - Fast FPU|Win32
		{E08E042A-6C45-411B-92BE-3CC31331019F}.Release Singlethreaded|Win32.Build.0 = Release - Fast FPU|Win32
		{E08E042A-6C45-411B-92BE-3CC31331019F}.Release|Win32.ActiveCfg = Release|Win32
		{E08E042A-6C45-411B-92BE-3CC31331019F}.Release|Win32.Build.0 = Release|Win32
		{E08E042A-6C45-411B-92BE-3CC31331019F}.SDL-Debug|Win32.ActiveCfg = SDL-Debug|Win32
		{E08E042A-6C45-411B-92BE-3CC31331019F}.SDL-Debug|Win32.Build.0 = SDL-Debug|Win32
		{E08E042A-6C45-411B-92BE-3CC31331019F}.Static lib - Debug|Win32.ActiveCfg = Static lib - Debug|Win32
		{E08E042A-6C45-411B-92BE-3CC31331019F}.Static lib - Debug|Win32.Build.0 = Static lib - Debug|Win32
		{E08E042A-6C45-411B-92BE-3CC31331019F}.Static lib - Release - Fast FPU|Win32.ActiveCfg = Static lib - Release - Fast FPU|Win32
		{E08E042A-6C45-411B-92BE-3CC31331019F}.Static lib - Release - Fast FPU|Win32.Build.0 = Static lib - Release - Fast FPU|Win32
		{E08E042A-6C45-411B-92BE-3CC31331019F}.Static lib - Release|Win32.ActiveCfg = Static lib - Release|Win32
		{E08E042A-6C45-411B-92BE-3CC31331019F}.Static lib - Release|Win32.Build.0 = Static lib - Release|Win32
		{78B079BD-9FC7-4B9E-B4A6-96DA0F00248B}.Debug Multithreaded|Win32.ActiveCfg = Debug Multithreaded|Win32
		{78B079BD-9FC7-4B9E-B4A6-96DA0F00248B}.Debug Multithreaded|Win32.Build.0 = Debug Multithreaded|Win32
		{78B079BD-9FC7-4B9E-B4A6-96DA0F00248B}.Debug Singlethreaded|Win32.ActiveCfg = Debug Singlethreaded|Win32
		{78B079BD-9FC7-4B9E-B4A6-96DA0F00248B}.Debug Singlethreaded|Win32.Build.0 = Debug Singlethreaded|Win32
		{78B079BD-9FC7-4B9E-B4A6-96DA0F00248B}.Debug|Win32.ActiveCfg = Debug|Win32
		{78B079BD-9FC7-4B9E-B4A6-96DA0F00248B}.Debug|Win32.Build.0 = Debug|Win32
		{78B079BD-9FC7-4B9E-B4A6-96DA0F00248B}.Dll Debug|Win32.ActiveCfg = Debug|Win32
		{78B079BD-9FC7-4B9E-B4A6-96DA0F00248B}.Dll Debug|Win32.Build.0 = Debug|Win32
		{78B079BD-9FC7-4B9E-B4A6-96DA0F00248B}.Release - Fast FPU|Win32.ActiveCfg = Release Singlethreaded|Win32
		{78B079BD-9FC7-4B9E-B4A6-96DA0F00248B}.Release - Fast FPU|Win32.Build.0 = Release Singlethreaded|Win32
		{78B079BD-9FC7-4B9E-B4A6-96DA0F00248B}.Release Multithreaded|Win32.ActiveCfg = Release Multithreaded|Win32
		{78B079BD-9FC7-4B9E-B4A6-96DA0F00248B}.Release Multithreaded|Win32.Build.0 = Release Multithreaded|Win32
		{78B079BD-9FC7-4B9E-B4A6-96DA0F00248B}.Release Singlethreaded|Win32.ActiveCfg = Release Singlethreaded|Win32
		{78B079BD-9FC7-4B9E-B4A6-96DA0F00248B}.Release Singlethreaded|Win32.Build.0 = Release Singlethreaded|Win32
		{78B079BD-9FC7-4B9E-B4A6-96DA0F00248B}.Release|Win32.ActiveCfg = Release|Win32
		{78B079BD-9FC7-4B9E-B4A6-96DA0F00248B}.Release|Win32.Build.0 = Release|Win32
		{78B079BD-9FC7-4B9E-B4A6-96DA0F00248B}.SDL-Debug|Win32.ActiveCfg = Debug|Win32
		{78B079BD-9FC7-4B9E-B4A6-96DA0F00248B}.SDL-Debug|Win32.Build.0 = Debug|Win32
		{78B079BD-9FC7-4B9E-B4A6-96DA0F00248B}.Static lib - Debug|Win32.ActiveCfg = Debug|Win32
		{78B079BD-9FC7-4B9E-B4A6-96DA0F00248B}.Static lib - Debug|Win32.Build.0 = Debug|Win32
		{78B079BD-9FC7-4B9E-B4A6-96DA0F00248B}.Static lib - Release - Fast FPU|Win32.ActiveCfg = Release|Win32
		{78B079BD-9FC7-4B9E-B4A6-96DA0F00248B}.Static lib - Release - Fast FPU|Win32.Build.0 = Release|Win32
		{78B079BD-9FC7-4B9E-B4A6-96DA0F00248B}.Static lib - Release|Win32.ActiveCfg = Release|Win32
		{78B079BD-9FC7-4B9E-B4A6-96DA0F00248B}.Static lib - Release|Win32.Build.0 = Release|Win32
		{D82FC0B1-4BC8-4C37-944C-94F6105A2992}.Debug Multithreaded|Win32.ActiveCfg = Debug|Win32
		{D82FC0B1-4BC8-4C37-944C-94F6105A2992}.Debug Multithreaded|Win32.Build.0 = Debug|Win32
		{D82FC0B1-4BC8-4C37-944C-94F6105A2992}.Debug Singlethreaded|Win32.ActiveCfg = Debug|Win32
		{D82FC0B1-4BC8-4C37-944C-94F6105A2992}.Debug Singlethreaded|Win32.Build.0 = Debug|Win32
		{D82FC0B1-4BC8-4C37-944C-94F6105A2992}.Debug|Win32.ActiveCfg = Debug|Win32
		{D82FC0B1-4BC8-4C37-944C-94F6105A2992}.Debug|Win32.Build.0 = Debug|Win32
		{D82FC0B1-4BC8-4C37-944C-94F6105A2992}.Dll Debug|Win32.ActiveCfg = Debug|Win32
		{D82FC0B1-4BC8-4C37-944C-94F6105A2992}.Dll Debug|Win32.Build.0 = Debug|Win32
		{D82FC0B1-4BC8-4C37-944C-94F6105A2992}.Release - Fast FPU|Win32.ActiveCfg = Release|Win32
		{D82FC0B1-4BC8-4C37-944C-94F6105A2992}.Release - Fast FPU|Win32.Build.0 = Release|Win32
		{D82FC0B1-4BC8-4C37-944C-94F6105A2992}.Release Multithreaded|Win32.ActiveCfg = Release|Win32
		{D82FC0B1-4BC8-4C37-944C-94F6105A2992}.Release Multithreaded|Win32.Build.0 = Release|Win32
		{D82FC0B1-4BC8-4C37-944C-94F6105A2992}.Release Singlethreaded|Win32.ActiveCfg = Release|Win32
		{D82FC0B1-4BC8-4C37-944C-94F6105A2992}.Release Singlethreaded|Win32.Build.0 = Release|Win32
		{D82FC0B1-4BC8-4C37-944C-94F6105A2992}.Release|Win32.ActiveCfg = Release|Win32
		{D82FC0B1-4BC8-4C37-944C-94F6105A2992}.Release|Win32.Build.0 = Release|Win32
		{D82FC0B1-4BC8-4C37-944C-94F6105A2992}.SDL-Debug|Win32.ActiveCfg = Debug|Win32
		{D82FC0B1-4BC8-4C37-944C-94F6105A2992}.SDL-Debug|Win32.Build.0 = Debug|Win32
		{D82FC0B1-4BC8-4C37-944C-94F6105A2992}.Static lib - Debug|Win32.ActiveCfg = Debug|Win32
		{D82FC0B1-4BC8-4C37-944C-94F6105A2992}.Static lib - Debug|Win32.Build.0 = Debug|Win32
		{D82FC0B1-4BC8-4C37-944C-94F6105A2992}.Static lib - Release - Fast FPU|Win32.ActiveCfg = Release|Win32
		{D82FC0B1-4BC8-4C37-944C-94F6105A2992}.Static lib - Release - Fast FPU|Win32.Build.0 = Release|Win32
		{D82FC0B1-4BC8-4C37-944C-94F6105A2992}.Static lib - Release|Win32.ActiveCfg = Release|Win32
		{D82FC0B1-4BC8-4C37-944C-94F6105A2992}.Static lib - Release|Win32.Build.0 = Release|Win32
		{4D488AF5-A41D-43B3-8F70-F8BC9C5D5AF9}.Debug Multithreaded|Win32.ActiveCfg = Debug|Win32
		{4D488AF5-A41D-43B3-8F70-F8BC9C5D5AF9}.Debug Multithreaded|Win32.Build.0 = Debug|Win32
		{4D488AF5-A41D-43B3-8F70-F8BC9C5D5AF9}.Debug Singlethreaded|Win32.ActiveCfg = Debug|Win32
		{4D488AF5-A41D-43B3-8F70-F8BC9C5D5AF9}.Debug Singlethreaded|Win32.Build.0 = Debug|Win32
		{4D488AF5-A41D-43B3-8F70-F8BC9C5D5AF9}.Debug|Win32.ActiveCfg = Debug|Win32
		{4D488AF5-A41D-43B3-8F70-F8BC9C5D5AF9}.Debug|Win32.Build.0 = Debug|Win32
		{4D488AF5-A41D-43B3-8F70-F8BC9C5D5AF9}.Dll Debug|Win32.ActiveCfg = Dll Debug|Win32
		{4D488AF5-A41D-43B3-8F70-F8BC9C5D5AF9}.Dll Debug|Win32.Build.0 = Dll Debug|Win32
		{4D488AF5-A41D-43B3-8F70-F8BC9C5D5AF9}.Release - Fast FPU|Win32.ActiveCfg = Release|Win32
		{4D488AF5-A41D-43B3-8F70-F8BC9C5D5AF9}.Release - Fast FPU|Win32.Build.0 = Release|Win32
		{4D488AF5-A41D-43B3-8F70-F8BC9C5D5AF9}.Release Multithreaded|Win32.ActiveCfg = Release|Win32
		{4D488AF5-A41D-43B3-8F70-F8BC9C5D5AF9}.Release Multithreaded|Win32.Build.0 = Release|Win32
		{4D488AF5-A41D-43B3-8F70-F8BC9C5D5AF9}.Release Singlethreaded|Win32.ActiveCfg = Release|Win32
		{4D488AF5-A41D-43B3-8F70-F8BC9C5D5AF9}.Release Singlethreaded|Win32.Build.0 = Release|Win32
		{4D488AF5-A41D-43B3-8F70-F8BC9C5D5AF9}.Release|Win32.ActiveCfg = Release|Win32
		{4D488AF5-A41D-43B3-8F70-F8BC9C5D5AF9}.Release|Win32.Build.0 = Release|Win32
		{4D488AF5-A41D-43B3-8F70-F8BC9C5D5AF9}.SDL-Debug|Win32.ActiveCfg = Debug|Win32
		{4D488AF5-A41D-43B3-8F70-F8BC9C5D5AF9}.SDL-Debug|Win32.Build.0 = Debug|Win32
		{4D488AF5-A41D-43B3-8F70-F8BC9C5D5AF9}.Static lib - Debug|Win32.ActiveCfg = Debug|Win32
		{4D488AF5-A41D-43B3-8F70-F8BC9C5D5AF9}.Static lib - Debug|Win32.Build.0 = Debug|Win32
		{4D488AF5-A41D-43B3-8F70-F8BC9C5D5AF9}.Static lib - Release - Fast FPU|Win32.ActiveCfg = Release|Win32
		{4D488AF5-A41D-43B3-8F70-F8BC9C5D5AF9}.Static lib - Release - Fast FPU|Win32.Build.0 = Release|Win32
		{4D488AF5-A41D-43B3-8F70-F8BC9C5D5AF9}.Static lib - Release|Win32.ActiveCfg = Release|Win32
		{4D488AF5-A41D-43B3-8F70-F8BC9C5D5AF9}.Static lib - Release|Win32.Build.0 = Release|Win32
	EndGlobalSection
	GlobalSection(SolutionProperties) = preSolution
		HideSolutionNode = FALSE
	EndGlobalSection
EndGlobal
