
Microsoft Visual Studio Solution File, Format Version 10.00
# Visual C++ Express 2008
Project("{8BC9CEB8-8B4A-11D0-8D11-00A0C91BC942}") = "snake3d", "snake3d\snake3d.vcproj", "{D1CD26D9-18A1-42A8-9476-3F1737BE6C2E}"
EndProject
Project("{8BC9CEB8-8B4A-11D0-8D11-00A0C91BC942}") = "Irrlicht", "..\..\extern\irrlicht\source\Irrlicht\Irrlicht9.0.vcproj", "{E08E042A-6C45-411B-92BE-3CC31331019F}"
EndProject
Project("{8BC9CEB8-8B4A-11D0-8D11-00A0C91BC942}") = "SPARK Engine IRR LIB", "..\..\extern\spark\projects\vc2008\SPARK engine\SPARK IRR LIB.vcproj", "{3F79E633-E34E-43C0-BC14-F033C8B16E34}"
EndProject
Global
	GlobalSection(SolutionConfigurationPlatforms) = preSolution
		Debug|Win32 = Debug|Win32
		Release - Fast FPU|Win32 = Release - Fast FPU|Win32
		Release|Win32 = Release|Win32
		SDL-Debug|Win32 = SDL-Debug|Win32
		Static lib - Debug|Win32 = Static lib - Debug|Win32
		Static lib - Release - Fast FPU|Win32 = Static lib - Release - Fast FPU|Win32
		Static lib - Release|Win32 = Static lib - Release|Win32
	EndGlobalSection
	GlobalSection(ProjectConfigurationPlatforms) = postSolution
		{D1CD26D9-18A1-42A8-9476-3F1737BE6C2E}.Debug|Win32.ActiveCfg = Debug|Win32
		{D1CD26D9-18A1-42A8-9476-3F1737BE6C2E}.Debug|Win32.Build.0 = Debug|Win32
		{D1CD26D9-18A1-42A8-9476-3F1737BE6C2E}.Release - Fast FPU|Win32.ActiveCfg = Release|Win32
		{D1CD26D9-18A1-42A8-9476-3F1737BE6C2E}.Release - Fast FPU|Win32.Build.0 = Release|Win32
		{D1CD26D9-18A1-42A8-9476-3F1737BE6C2E}.Release|Win32.ActiveCfg = Release|Win32
		{D1CD26D9-18A1-42A8-9476-3F1737BE6C2E}.Release|Win32.Build.0 = Release|Win32
		{D1CD26D9-18A1-42A8-9476-3F1737BE6C2E}.SDL-Debug|Win32.ActiveCfg = Debug|Win32
		{D1CD26D9-18A1-42A8-9476-3F1737BE6C2E}.SDL-Debug|Win32.Build.0 = Debug|Win32
		{D1CD26D9-18A1-42A8-9476-3F1737BE6C2E}.Static lib - Debug|Win32.ActiveCfg = Debug|Win32
		{D1CD26D9-18A1-42A8-9476-3F1737BE6C2E}.Static lib - Debug|Win32.Build.0 = Debug|Win32
		{D1CD26D9-18A1-42A8-9476-3F1737BE6C2E}.Static lib - Release - Fast FPU|Win32.ActiveCfg = Release|Win32
		{D1CD26D9-18A1-42A8-9476-3F1737BE6C2E}.Static lib - Release - Fast FPU|Win32.Build.0 = Release|Win32
		{D1CD26D9-18A1-42A8-9476-3F1737BE6C2E}.Static lib - Release|Win32.ActiveCfg = Release|Win32
		{D1CD26D9-18A1-42A8-9476-3F1737BE6C2E}.Static lib - Release|Win32.Build.0 = Release|Win32
		{E08E042A-6C45-411B-92BE-3CC31331019F}.Debug|Win32.ActiveCfg = Debug|Win32
		{E08E042A-6C45-411B-92BE-3CC31331019F}.Debug|Win32.Build.0 = Debug|Win32
		{E08E042A-6C45-411B-92BE-3CC31331019F}.Release - Fast FPU|Win32.ActiveCfg = Release - Fast FPU|Win32
		{E08E042A-6C45-411B-92BE-3CC31331019F}.Release - Fast FPU|Win32.Build.0 = Release - Fast FPU|Win32
		{E08E042A-6C45-411B-92BE-3CC31331019F}.Release|Win32.ActiveCfg = Release|Win32
		{E08E042A-6C45-411B-92BE-3CC31331019F}.Release|Win32.Build.0 = Release|Win32
		{E08E042A-6C45-411B-92BE-3CC31331019F}.SDL-Debug|Win32.ActiveCfg = SDL-Debug|Win32
		{E08E042A-6C45-411B-92BE-3CC31331019F}.SDL-Debug|Win32.Build.0 = SDL-Debug|Win32
		{E08E042A-6C45-411B-92BE-3CC31331019F}.Static lib - Debug|Win32.ActiveCfg = Static lib - Debug|Win32
		{E08E042A-6C45-411B-92BE-3CC31331019F}.Static lib - Debug|Win32.Build.0 = Static lib - Debug|Win32
		{E08E042A-6C45-411B-92BE-3CC31331019F}.Static lib - Release - Fast FPU|Win32.ActiveCfg = Static lib - Release - Fast FPU|Win32
		{E08E042A-6C45-411B-92BE-3CC31331019F}.Static lib - Release - Fast FPU|Win32.Build.0 = Static lib - Release - Fast FPU|Win32
		{E08E042A-6C45-411B-92BE-3CC31331019F}.Static lib - Release|Win32.ActiveCfg = Static lib - Release|Win32
		{E08E042A-6C45-411B-92BE-3CC31331019F}.Static lib - Release|Win32.Build.0 = Static lib - Release|Win32
		{3F79E633-E34E-43C0-BC14-F033C8B16E34}.Debug|Win32.ActiveCfg = Debug|Win32
		{3F79E633-E34E-43C0-BC14-F033C8B16E34}.Debug|Win32.Build.0 = Debug|Win32
		{3F79E633-E34E-43C0-BC14-F033C8B16E34}.Release - Fast FPU|Win32.ActiveCfg = Release|Win32
		{3F79E633-E34E-43C0-BC14-F033C8B16E34}.Release - Fast FPU|Win32.Build.0 = Release|Win32
		{3F79E633-E34E-43C0-BC14-F033C8B16E34}.Release|Win32.ActiveCfg = Release|Win32
		{3F79E633-E34E-43C0-BC14-F033C8B16E34}.Release|Win32.Build.0 = Release|Win32
		{3F79E633-E34E-43C0-BC14-F033C8B16E34}.SDL-Debug|Win32.ActiveCfg = Debug|Win32
		{3F79E633-E34E-43C0-BC14-F033C8B16E34}.SDL-Debug|Win32.Build.0 = Debug|Win32
		{3F79E633-E34E-43C0-BC14-F033C8B16E34}.Static lib - Debug|Win32.ActiveCfg = Debug|Win32
		{3F79E633-E34E-43C0-BC14-F033C8B16E34}.Static lib - Debug|Win32.Build.0 = Debug|Win32
		{3F79E633-E34E-43C0-BC14-F033C8B16E34}.Static lib - Release - Fast FPU|Win32.ActiveCfg = Release|Win32
		{3F79E633-E34E-43C0-BC14-F033C8B16E34}.Static lib - Release - Fast FPU|Win32.Build.0 = Release|Win32
		{3F79E633-E34E-43C0-BC14-F033C8B16E34}.Static lib - Release|Win32.ActiveCfg = Release|Win32
		{3F79E633-E34E-43C0-BC14-F033C8B16E34}.Static lib - Release|Win32.Build.0 = Release|Win32
	EndGlobalSection
	GlobalSection(SolutionProperties) = preSolution
		HideSolutionNode = FALSE
	EndGlobalSection
EndGlobal
